
Microsoft Visual Studio Solution File, Format Version 12.00
# Visual Studio Version 16
VisualStudioVersion = 16.0.29709.97
MinimumVisualStudioVersion = 10.0.40219.1
Project("{FAE04EC0-301F-11D3-BF4B-00C04F79EFBC}") = "PublisherApp", "PublisherApp\PublisherApp.csproj", "{9CD16EBF-7B90-4EB3-AF35-1A1FCD03C3F9}"
EndProject
Project("{FAE04EC0-301F-11D3-BF4B-00C04F79EFBC}") = "SubscriberApp", "SubscriberApp\SubscriberApp.csproj", "{14075497-4A0E-4AC5-A2E0-4973D2C16AA2}"
EndProject
Global
	GlobalSection(SolutionConfigurationPlatforms) = preSolution
		Debug|Any CPU = Debug|Any CPU
		Release|Any CPU = Release|Any CPU
	EndGlobalSection
	GlobalSection(ProjectConfigurationPlatforms) = postSolution
		{9CD16EBF-7B90-4EB3-AF35-1A1FCD03C3F9}.Debug|Any CPU.ActiveCfg = Debug|Any CPU
		{9CD16EBF-7B90-4EB3-AF35-1A1FCD03C3F9}.Debug|Any CPU.Build.0 = Debug|Any CPU
		{9CD16EBF-7B90-4EB3-AF35-1A1FCD03C3F9}.Release|Any CPU.ActiveCfg = Release|Any CPU
		{9CD16EBF-7B90-4EB3-AF35-1A1FCD03C3F9}.Release|Any CPU.Build.0 = Release|Any CPU
		{14075497-4A0E-4AC5-A2E0-4973D2C16AA2}.Debug|Any CPU.ActiveCfg = Debug|Any CPU
		{14075497-4A0E-4AC5-A2E0-4973D2C16AA2}.Debug|Any CPU.Build.0 = Debug|Any CPU
		{14075497-4A0E-4AC5-A2E0-4973D2C16AA2}.Release|Any CPU.ActiveCfg = Release|Any CPU
		{14075497-4A0E-4AC5-A2E0-4973D2C16AA2}.Release|Any CPU.Build.0 = Release|Any CPU
	EndGlobalSection
	GlobalSection(SolutionProperties) = preSolution
		HideSolutionNode = FALSE
	EndGlobalSection
	GlobalSection(ExtensibilityGlobals) = postSolution
		SolutionGuid = {3C19053D-1443-4DCB-B41C-54207A1467A8}
	EndGlobalSection
EndGlobal
